
Microsoft Visual Studio Solution File, Format Version 12.00
# Visual Studio Version 16
VisualStudioVersion = 16.0.30907.101
MinimumVisualStudioVersion = 10.0.40219.1
Project("{FAE04EC0-301F-11D3-BF4B-00C04F79EFBC}") = "sellYourCar", "sellYourCar\sellYourCar.csproj", "{35D70103-C3A9-41DD-B381-67D4F68F5205}"
EndProject
Global
	GlobalSection(SolutionConfigurationPlatforms) = preSolution
		Debug|Any CPU = Debug|Any CPU
		Release|Any CPU = Release|Any CPU
	EndGlobalSection
	GlobalSection(ProjectConfigurationPlatforms) = postSolution
		{35D70103-C3A9-41DD-B381-67D4F68F5205}.Debug|Any CPU.ActiveCfg = Debug|Any CPU
		{35D70103-C3A9-41DD-B381-67D4F68F5205}.Debug|Any CPU.Build.0 = Debug|Any CPU
		{35D70103-C3A9-41DD-B381-67D4F68F5205}.Release|Any CPU.ActiveCfg = Release|Any CPU
		{35D70103-C3A9-41DD-B381-67D4F68F5205}.Release|Any CPU.Build.0 = Release|Any CPU
	EndGlobalSection
	GlobalSection(SolutionProperties) = preSolution
		HideSolutionNode = FALSE
	EndGlobalSection
	GlobalSection(ExtensibilityGlobals) = postSolution
		SolutionGuid = {6982F566-58A6-4BBD-AE6A-3D7CE63F32CA}
	EndGlobalSection
EndGlobal
